
Microsoft Visual Studio Solution File, Format Version 12.00
# Visual Studio Version 17
VisualStudioVersion = 17.5.002.0
MinimumVisualStudioVersion = 10.0.40219.1
Project("{9A19103F-16F7-4668-BE54-9A1E7A4F7556}") = "DictionaryFromScratch", "DictionaryFromScratch.csproj", "{DBA52535-D060-4106-A6DB-7CFED92F16FC}"
EndProject
Global
	GlobalSection(SolutionConfigurationPlatforms) = preSolution
		Debug|Any CPU = Debug|Any CPU
		Release|Any CPU = Release|Any CPU
	EndGlobalSection
	GlobalSection(ProjectConfigurationPlatforms) = postSolution
		{DBA52535-D060-4106-A6DB-7CFED92F16FC}.Debug|Any CPU.ActiveCfg = Debug|Any CPU
		{DBA52535-D060-4106-A6DB-7CFED92F16FC}.Debug|Any CPU.Build.0 = Debug|Any CPU
		{DBA52535-D060-4106-A6DB-7CFED92F16FC}.Release|Any CPU.ActiveCfg = Release|Any CPU
		{DBA52535-D060-4106-A6DB-7CFED92F16FC}.Release|Any CPU.Build.0 = Release|Any CPU
	EndGlobalSection
	GlobalSection(SolutionProperties) = preSolution
		HideSolutionNode = FALSE
	EndGlobalSection
	GlobalSection(ExtensibilityGlobals) = postSolution
		SolutionGuid = {C793C905-705D-41E7-A40A-1FBCBCAD7F0B}
	EndGlobalSection
EndGlobal
