
Microsoft Visual Studio Solution File, Format Version 12.00
# Visual Studio Version 17
VisualStudioVersion = 17.5.002.0
MinimumVisualStudioVersion = 10.0.40219.1
Project("{9A19103F-16F7-4668-BE54-9A1E7A4F7556}") = "generic", "generic\generic.csproj", "{6A2E58DB-8397-45DD-AD07-0935E4AF742B}"
EndProject
Project("{9A19103F-16F7-4668-BE54-9A1E7A4F7556}") = "int", "int\int.csproj", "{415A38C2-8887-4CAF-8C0B-E5EF4654D85F}"
EndProject
Global
	GlobalSection(SolutionConfigurationPlatforms) = preSolution
		Debug|Any CPU = Debug|Any CPU
		Release|Any CPU = Release|Any CPU
	EndGlobalSection
	GlobalSection(ProjectConfigurationPlatforms) = postSolution
		{6A2E58DB-8397-45DD-AD07-0935E4AF742B}.Debug|Any CPU.ActiveCfg = Debug|Any CPU
		{6A2E58DB-8397-45DD-AD07-0935E4AF742B}.Debug|Any CPU.Build.0 = Debug|Any CPU
		{6A2E58DB-8397-45DD-AD07-0935E4AF742B}.Release|Any CPU.ActiveCfg = Release|Any CPU
		{6A2E58DB-8397-45DD-AD07-0935E4AF742B}.Release|Any CPU.Build.0 = Release|Any CPU
		{415A38C2-8887-4CAF-8C0B-E5EF4654D85F}.Debug|Any CPU.ActiveCfg = Debug|Any CPU
		{415A38C2-8887-4CAF-8C0B-E5EF4654D85F}.Debug|Any CPU.Build.0 = Debug|Any CPU
		{415A38C2-8887-4CAF-8C0B-E5EF4654D85F}.Release|Any CPU.ActiveCfg = Release|Any CPU
		{415A38C2-8887-4CAF-8C0B-E5EF4654D85F}.Release|Any CPU.Build.0 = Release|Any CPU
	EndGlobalSection
	GlobalSection(SolutionProperties) = preSolution
		HideSolutionNode = FALSE
	EndGlobalSection
	GlobalSection(ExtensibilityGlobals) = postSolution
		SolutionGuid = {653E8012-A63E-446F-B1E2-47E28F82B571}
	EndGlobalSection
EndGlobal
